
Microsoft Visual Studio Solution File, Format Version 12.00
# Visual Studio 14
VisualStudioVersion = 14.0.25420.1
MinimumVisualStudioVersion = 10.0.40219.1
Project("{FAE04EC0-301F-11D3-BF4B-00C04F79EFBC}") = "LibraryManagement", "LibraryManagement\LibraryManagement.csproj", "{D3965CEC-3EE7-4C23-92AB-47DE1AFC826E}"
EndProject
Project("{FAE04EC0-301F-11D3-BF4B-00C04F79EFBC}") = "LibraryManagement.Tests", "LibraryManagement.Tests\LibraryManagement.Tests.csproj", "{E1A9BA1B-B846-4859-A13E-ED4BD2BE244E}"
EndProject
Global
	GlobalSection(SolutionConfigurationPlatforms) = preSolution
		Debug|Any CPU = Debug|Any CPU
		Release|Any CPU = Release|Any CPU
	EndGlobalSection
	GlobalSection(ProjectConfigurationPlatforms) = postSolution
		{D3965CEC-3EE7-4C23-92AB-47DE1AFC826E}.Debug|Any CPU.ActiveCfg = Debug|Any CPU
		{D3965CEC-3EE7-4C23-92AB-47DE1AFC826E}.Debug|Any CPU.Build.0 = Debug|Any CPU
		{D3965CEC-3EE7-4C23-92AB-47DE1AFC826E}.Release|Any CPU.ActiveCfg = Release|Any CPU
		{D3965CEC-3EE7-4C23-92AB-47DE1AFC826E}.Release|Any CPU.Build.0 = Release|Any CPU
		{E1A9BA1B-B846-4859-A13E-ED4BD2BE244E}.Debug|Any CPU.ActiveCfg = Debug|Any CPU
		{E1A9BA1B-B846-4859-A13E-ED4BD2BE244E}.Debug|Any CPU.Build.0 = Debug|Any CPU
		{E1A9BA1B-B846-4859-A13E-ED4BD2BE244E}.Release|Any CPU.ActiveCfg = Release|Any CPU
		{E1A9BA1B-B846-4859-A13E-ED4BD2BE244E}.Release|Any CPU.Build.0 = Release|Any CPU
	EndGlobalSection
	GlobalSection(SolutionProperties) = preSolution
		HideSolutionNode = FALSE
	EndGlobalSection
EndGlobal
